{
  "name": "rsbkp-cli",
  "version": "0.0.0",
  "lockfileVersion": 1,
  "requires": true,
  "dependencies": {
    "rsbkp": {
      "version": "0.0.1",
      "resolved": "https://registry.npmjs.org/rsbkp/-/rsbkp-0.0.1.tgz",
      "integrity": "sha512-vmVxcNRWgE1nz0WdcXxdmszRLiLRlnHajIWqL8qkIwg7iPIAzScQqrcDzKzW50EL78WoQwJQtNXJB8SKsHIjew=="
    }
  }
}
